
Microsoft Visual Studio Solution File, Format Version 12.00
# Visual Studio Version 17
VisualStudioVersion = 17.4.33110.190
MinimumVisualStudioVersion = 10.0.40219.1
Project("{FAE04EC0-301F-11D3-BF4B-00C04F79EFBC}") = "CustomerApp", "CustomerApp.csproj", "{2066360B-4D72-4BCD-8BE6-FE241D06E9A2}"
EndProject
Global
	GlobalSection(SolutionConfigurationPlatforms) = preSolution
		Debug|Any CPU = Debug|Any CPU
		Release|Any CPU = Release|Any CPU
	EndGlobalSection
	GlobalSection(ProjectConfigurationPlatforms) = postSolution
		{2066360B-4D72-4BCD-8BE6-FE241D06E9A2}.Debug|Any CPU.ActiveCfg = Debug|Any CPU
		{2066360B-4D72-4BCD-8BE6-FE241D06E9A2}.Debug|Any CPU.Build.0 = Debug|Any CPU
		{2066360B-4D72-4BCD-8BE6-FE241D06E9A2}.Release|Any CPU.ActiveCfg = Release|Any CPU
		{2066360B-4D72-4BCD-8BE6-FE241D06E9A2}.Release|Any CPU.Build.0 = Release|Any CPU
	EndGlobalSection
	GlobalSection(SolutionProperties) = preSolution
		HideSolutionNode = FALSE
	EndGlobalSection
	GlobalSection(ExtensibilityGlobals) = postSolution
		SolutionGuid = {A8CE17B3-7BE9-456E-867B-B6E62914A2AC}
	EndGlobalSection
EndGlobal
